
Microsoft Visual Studio Solution File, Format Version 12.00
# Visual Studio 2015
Project("{FAE04EC0-301F-11D3-BF4B-00C04F79EFBC}") = "Homework4-2.0", "Homework4-2.0.csproj", "{5E0D879E-A003-7699-0B09-ED3249B00738}"
EndProject
Global
	GlobalSection(SolutionConfigurationPlatforms) = preSolution
		Debug|Any CPU = Debug|Any CPU
		Release|Any CPU = Release|Any CPU
	EndGlobalSection
	GlobalSection(ProjectConfigurationPlatforms) = postSolution
		{5E0D879E-A003-7699-0B09-ED3249B00738}.Debug|Any CPU.ActiveCfg = Debug|Any CPU
		{5E0D879E-A003-7699-0B09-ED3249B00738}.Debug|Any CPU.Build.0 = Debug|Any CPU
		{5E0D879E-A003-7699-0B09-ED3249B00738}.Release|Any CPU.ActiveCfg = Release|Any CPU
		{5E0D879E-A003-7699-0B09-ED3249B00738}.Release|Any CPU.Build.0 = Release|Any CPU
	EndGlobalSection
	GlobalSection(SolutionProperties) = preSolution
		HideSolutionNode = FALSE
	EndGlobalSection
EndGlobal
