
Microsoft Visual Studio Solution File, Format Version 12.00
# Visual Studio 2015
Project("{FAE04EC0-301F-11D3-BF4B-00C04F79EFBC}") = "Homework8", "Homework8.csproj", "{E0C5B4A1-005F-6446-ED1B-0B62D2108BBD}"
EndProject
Project("{FAE04EC0-301F-11D3-BF4B-00C04F79EFBC}") = "Homework8.Editor", "Homework8.Editor.csproj", "{5AE0EC1A-3B1F-96E0-A73E-99C7F3611EB0}"
EndProject
Global
	GlobalSection(SolutionConfigurationPlatforms) = preSolution
		Debug|Any CPU = Debug|Any CPU
		Release|Any CPU = Release|Any CPU
	EndGlobalSection
	GlobalSection(ProjectConfigurationPlatforms) = postSolution
		{E0C5B4A1-005F-6446-ED1B-0B62D2108BBD}.Debug|Any CPU.ActiveCfg = Debug|Any CPU
		{E0C5B4A1-005F-6446-ED1B-0B62D2108BBD}.Debug|Any CPU.Build.0 = Debug|Any CPU
		{E0C5B4A1-005F-6446-ED1B-0B62D2108BBD}.Release|Any CPU.ActiveCfg = Release|Any CPU
		{E0C5B4A1-005F-6446-ED1B-0B62D2108BBD}.Release|Any CPU.Build.0 = Release|Any CPU
		{5AE0EC1A-3B1F-96E0-A73E-99C7F3611EB0}.Debug|Any CPU.ActiveCfg = Debug|Any CPU
		{5AE0EC1A-3B1F-96E0-A73E-99C7F3611EB0}.Debug|Any CPU.Build.0 = Debug|Any CPU
		{5AE0EC1A-3B1F-96E0-A73E-99C7F3611EB0}.Release|Any CPU.ActiveCfg = Release|Any CPU
		{5AE0EC1A-3B1F-96E0-A73E-99C7F3611EB0}.Release|Any CPU.Build.0 = Release|Any CPU
	EndGlobalSection
	GlobalSection(SolutionProperties) = preSolution
		HideSolutionNode = FALSE
	EndGlobalSection
EndGlobal
